// !$*UTF8*$!
{
	archiveVersion = 1;
	classes = {
	};
	objectVersion = 46;
	objects = {

/* Begin PBXBuildFile section */
		2D276B131B8FAC4D00B35E2C /* main.m in Sources */ = {isa = PBXBuildFile; fileRef = 2D276B121B8FAC4D00B35E2C /* main.m */; };
		2D276B161B8FAC4D00B35E2C /* AppDelegate.m in Sources */ = {isa = PBXBuildFile; fileRef = 2D276B151B8FAC4D00B35E2C /* AppDelegate.m */; };
		2D276B191B8FAC4D00B35E2C /* ViewController.m in Sources */ = {isa = PBXBuildFile; fileRef = 2D276B181B8FAC4D00B35E2C /* ViewController.m */; };
		2D276B1C1B8FAC4D00B35E2C /* Main.storyboard in Resources */ = {isa = PBXBuildFile; fileRef = 2D276B1A1B8FAC4D00B35E2C /* Main.storyboard */; };
		2D276B1E1B8FAC4D00B35E2C /* Images.xcassets in Resources */ = {isa = PBXBuildFile; fileRef = 2D276B1D1B8FAC4D00B35E2C /* Images.xcassets */; };
		2D276B211B8FAC4D00B35E2C /* LaunchScreen.xib in Resources */ = {isa = PBXBuildFile; fileRef = 2D276B1F1B8FAC4D00B35E2C /* LaunchScreen.xib */; };
		2D276B2D1B8FAC4D00B35E2C /* PDDTests.m in Sources */ = {isa = PBXBuildFile; fileRef = 2D276B2C1B8FAC4D00B35E2C /* PDDTests.m */; };
/* End PBXBuildFile section */

/* Begin PBXContainerItemProxy section */
		2D276B271B8FAC4D00B35E2C /* PBXContainerItemProxy */ = {
			isa = PBXContainerItemProxy;
			containerPortal = 2D276B051B8FAC4D00B35E2C /* Project object */;
			proxyType = 1;
			remoteGlobalIDString = 2D276B0C1B8FAC4D00B35E2C;
			remoteInfo = PDD;
		};
/* End PBXContainerItemProxy section */

/* Begin PBXFileReference section */
		2D276B0D1B8FAC4D00B35E2C /* PDD.app */ = {isa = PBXFileReference; explicitFileType = wrapper.application; includeInIndex = 0; path = PDD.app; sourceTree = BUILT_PRODUCTS_DIR; };
		2D276B111B8FAC4D00B35E2C /* Info.plist */ = {isa = PBXFileReference; lastKnownFileType = text.plist.xml; path = Info.plist; sourceTree = "<group>"; };
		2D276B121B8FAC4D00B35E2C /* main.m */ = {isa = PBXFileReference; lastKnownFileType = sourcecode.c.objc; path = main.m; sourceTree = "<group>"; };
		2D276B141B8FAC4D00B35E2C /* AppDelegate.h */ = {isa = PBXFileReference; lastKnownFileType = sourcecode.c.h; path = AppDelegate.h; sourceTree = "<group>"; };
		2D276B151B8FAC4D00B35E2C /* AppDelegate.m */ = {isa = PBXFileReference; lastKnownFileType = sourcecode.c.objc; path = AppDelegate.m; sourceTree = "<group>"; };
		2D276B171B8FAC4D00B35E2C /* ViewController.h */ = {isa = PBXFileReference; lastKnownFileType = sourcecode.c.h; path = ViewController.h; sourceTree = "<group>"; };
		2D276B181B8FAC4D00B35E2C /* ViewController.m */ = {isa = PBXFileReference; lastKnownFileType = sourcecode.c.objc; path = ViewController.m; sourceTree = "<group>"; };
		2D276B1B1B8FAC4D00B35E2C /* Base */ = {isa = PBXFileReference; lastKnownFileType = file.storyboard; name = Base; path = Base.lproj/Main.storyboard; sourceTree = "<group>"; };
		2D276B1D1B8FAC4D00B35E2C /* Images.xcassets */ = {isa = PBXFileReference; lastKnownFileType = folder.assetcatalog; path = Images.xcassets; sourceTree = "<group>"; };
		2D276B201B8FAC4D00B35E2C /* Base */ = {isa = PBXFileReference; lastKnownFileType = file.xib; name = Base; path = Base.lproj/LaunchScreen.xib; sourceTree = "<group>"; };
		2D276B261B8FAC4D00B35E2C /* PDDTests.xctest */ = {isa = PBXFileReference; explicitFileType = wrapper.cfbundle; includeInIndex = 0; path = PDDTests.xctest; sourceTree = BUILT_PRODUCTS_DIR; };
		2D276B2B1B8FAC4D00B35E2C /* Info.plist */ = {isa = PBXFileReference; lastKnownFileType = text.plist.xml; path = Info.plist; sourceTree = "<group>"; };
		2D276B2C1B8FAC4D00B35E2C /* PDDTests.m */ = {isa = PBXFileReference; lastKnownFileType = sourcecode.c.objc; path = PDDTests.m; sourceTree = "<group>"; };
/* End PBXFileReference section */

/* Begin PBXFrameworksBuildPhase section */
		2D276B0A1B8FAC4D00B35E2C /* Frameworks */ = {
			isa = PBXFrameworksBuildPhase;
			buildActionMask = 2147483647;
			files = (
			);
			runOnlyForDeploymentPostprocessing = 0;
		};
		2D276B231B8FAC4D00B35E2C /* Frameworks */ = {
			isa = PBXFrameworksBuildPhase;
			buildActionMask = 2147483647;
			files = (
			);
			runOnlyForDeploymentPostprocessing = 0;
		};
/* End PBXFrameworksBuildPhase section */

/* Begin PBXGroup section */
		2D276B041B8FAC4D00B35E2C = {
			isa = PBXGroup;
			children = (
				2D276B0F1B8FAC4D00B35E2C /* PDD */,
				2D276B291B8FAC4D00B35E2C /* PDDTests */,
				2D276B0E1B8FAC4D00B35E2C /* Products */,
			);
			sourceTree = "<group>";
		};
		2D276B0E1B8FAC4D00B35E2C /* Products */ = {
			isa = PBXGroup;
			children = (
				2D276B0D1B8FAC4D00B35E2C /* PDD.app */,
				2D276B261B8FAC4D00B35E2C /* PDDTests.xctest */,
			);
			name = Products;
			sourceTree = "<group>";
		};
		2D276B0F1B8FAC4D00B35E2C /* PDD */ = {
			isa = PBXGroup;
			children = (
				2D276B141B8FAC4D00B35E2C /* AppDelegate.h */,
				2D276B151B8FAC4D00B35E2C /* AppDelegate.m */,
				2D276B171B8FAC4D00B35E2C /* ViewController.h */,
				2D276B181B8FAC4D00B35E2C /* ViewController.m */,
				2D276B1A1B8FAC4D00B35E2C /* Main.storyboard */,
				2D276B1D1B8FAC4D00B35E2C /* Images.xcassets */,
				2D276B1F1B8FAC4D00B35E2C /* LaunchScreen.xib */,
				2D276B101B8FAC4D00B35E2C /* Supporting Files */,
			);
			path = PDD;
			sourceTree = "<group>";
		};
		2D276B101B8FAC4D00B35E2C /* Supporting Files */ = {
			isa = PBXGroup;
			children = (
				2D276B111B8FAC4D00B35E2C /* Info.plist */,
				2D276B121B8FAC4D00B35E2C /* main.m */,
			);
			name = "Supporting Files";
			sourceTree = "<group>";
		};
		2D276B291B8FAC4D00B35E2C /* PDDTests */ = {
			isa = PBXGroup;
			children = (
				2D276B2C1B8FAC4D00B35E2C /* PDDTests.m */,
				2D276B2A1B8FAC4D00B35E2C /* Supporting Files */,
			);
			path = PDDTests;
			sourceTree = "<group>";
		};
		2D276B2A1B8FAC4D00B35E2C /* Supporting Files */ = {
			isa = PBXGroup;
			children = (
				2D276B2B1B8FAC4D00B35E2C /* Info.plist */,
			);
			name = "Supporting Files";
			sourceTree = "<group>";
		};
/* End PBXGroup section */

/* Begin PBXNativeTarget section */
		2D276B0C1B8FAC4D00B35E2C /* PDD */ = {
			isa = PBXNativeTarget;
			buildConfigurationList = 2D276B301B8FAC4D00B35E2C /* Build configuration list for PBXNativeTarget "PDD" */;
			buildPhases = (
				2D276B091B8FAC4D00B35E2C /* Sources */,
				2D276B0A1B8FAC4D00B35E2C /* Frameworks */,
				2D276B0B1B8FAC4D00B35E2C /* Resources */,
			);
			buildRules = (
			);
			dependencies = (
			);
			name = PDD;
			productName = PDD;
			productReference = 2D276B0D1B8FAC4D00B35E2C /* PDD.app */;
			productType = "com.apple.product-type.application";
		};
		2D276B251B8FAC4D00B35E2C /* PDDTests */ = {
			isa = PBXNativeTarget;
			buildConfigurationList = 2D276B331B8FAC4D00B35E2C /* Build configuration list for PBXNativeTarget "PDDTests" */;
			buildPhases = (
				2D276B221B8FAC4D00B35E2C /* Sources */,
				2D276B231B8FAC4D00B35E2C /* Frameworks */,
				2D276B241B8FAC4D00B35E2C /* Resources */,
			);
			buildRules = (
			);
			dependencies = (
				2D276B281B8FAC4D00B35E2C /* PBXTargetDependency */,
			);
			name = PDDTests;
			productName = PDDTests;
			productReference = 2D276B261B8FAC4D00B35E2C /* PDDTests.xctest */;
			productType = "com.apple.product-type.bundle.unit-test";
		};
/* End PBXNativeTarget section */

/* Begin PBXProject section */
		2D276B051B8FAC4D00B35E2C /* Project object */ = {
			isa = PBXProject;
			attributes = {
				LastUpgradeCheck = 0640;
				ORGANIZATIONNAME = "Sergey Lyubeznov";
				TargetAttributes = {
					2D276B0C1B8FAC4D00B35E2C = {
						CreatedOnToolsVersion = 6.4;
					};
					2D276B251B8FAC4D00B35E2C = {
						CreatedOnToolsVersion = 6.4;
						TestTargetID = 2D276B0C1B8FAC4D00B35E2C;
					};
				};
			};
			buildConfigurationList = 2D276B081B8FAC4D00B35E2C /* Build configuration list for PBXProject "PDD" */;
			compatibilityVersion = "Xcode 3.2";
			developmentRegion = English;
			hasScannedForEncodings = 0;
			knownRegions = (
				en,
				Base,
			);
			mainGroup = 2D276B041B8FAC4D00B35E2C;
			productRefGroup = 2D276B0E1B8FAC4D00B35E2C /* Products */;
			projectDirPath = "";
			projectRoot = "";
			targets = (
				2D276B0C1B8FAC4D00B35E2C /* PDD */,
				2D276B251B8FAC4D00B35E2C /* PDDTests */,
			);
		};
/* End PBXProject section */

/* Begin PBXResourcesBuildPhase section */
		2D276B0B1B8FAC4D00B35E2C /* Resources */ = {
			isa = PBXResourcesBuildPhase;
			buildActionMask = 2147483647;
			files = (
				2D276B1C1B8FAC4D00B35E2C /* Main.storyboard in Resources */,
				2D276B211B8FAC4D00B35E2C /* LaunchScreen.xib in Resources */,
				2D276B1E1B8FAC4D00B35E2C /* Images.xcassets in Resources */,
			);
			runOnlyForDeploymentPostprocessing = 0;
		};
		2D276B241B8FAC4D00B35E2C /* Resources */ = {
			isa = PBXResourcesBuildPhase;
			buildActionMask = 2147483647;
			files = (
			);
			runOnlyForDeploymentPostprocessing = 0;
		};
/* End PBXResourcesBuildPhase section */

/* Begin PBXSourcesBuildPhase section */
		2D276B091B8FAC4D00B35E2C /* Sources */ = {
			isa = PBXSourcesBuildPhase;
			buildActionMask = 2147483647;
			files = (
				2D276B191B8FAC4D00B35E2C /* ViewController.m in Sources */,
				2D276B161B8FAC4D00B35E2C /* AppDelegate.m in Sources */,
				2D276B131B8FAC4D00B35E2C /* main.m in Sources */,
			);
			runOnlyForDeploymentPostprocessing = 0;
		};
		2D276B221B8FAC4D00B35E2C /* Sources */ = {
			isa = PBXSourcesBuildPhase;
			buildActionMask = 2147483647;
			files = (
				2D276B2D1B8FAC4D00B35E2C /* PDDTests.m in Sources */,
			);
			runOnlyForDeploymentPostprocessing = 0;
		};
/* End PBXSourcesBuildPhase section */

/* Begin PBXTargetDependency section */
		2D276B281B8FAC4D00B35E2C /* PBXTargetDependency */ = {
			isa = PBXTargetDependency;
			target = 2D276B0C1B8FAC4D00B35E2C /* PDD */;
			targetProxy = 2D276B271B8FAC4D00B35E2C /* PBXContainerItemProxy */;
		};
/* End PBXTargetDependency section */

/* Begin PBXVariantGroup section */
		2D276B1A1B8FAC4D00B35E2C /* Main.storyboard */ = {
			isa = PBXVariantGroup;
			children = (
				2D276B1B1B8FAC4D00B35E2C /* Base */,
			);
			name = Main.storyboard;
			sourceTree = "<group>";
		};
		2D276B1F1B8FAC4D00B35E2C /* LaunchScreen.xib */ = {
			isa = PBXVariantGroup;
			children = (
				2D276B201B8FAC4D00B35E2C /* Base */,
			);
			name = LaunchScreen.xib;
			sourceTree = "<group>";
		};
/* End PBXVariantGroup section */

/* Begin XCBuildConfiguration section */
		2D276B2E1B8FAC4D00B35E2C /* Debug */ = {
			isa = XCBuildConfiguration;
			buildSettings = {
				ALWAYS_SEARCH_USER_PATHS = NO;
				CLANG_CXX_LANGUAGE_STANDARD = "gnu++0x";
				CLANG_CXX_LIBRARY = "libc++";
				CLANG_ENABLE_MODULES = YES;
				CLANG_ENABLE_OBJC_ARC = YES;
				CLANG_WARN_BOOL_CONVERSION = YES;
				CLANG_WARN_CONSTANT_CONVERSION = YES;
				CLANG_WARN_DIRECT_OBJC_ISA_USAGE = YES_ERROR;
				CLANG_WARN_EMPTY_BODY = YES;
				CLANG_WARN_ENUM_CONVERSION = YES;
				CLANG_WARN_INT_CONVERSION = YES;
				CLANG_WARN_OBJC_ROOT_CLASS = YES_ERROR;
				CLANG_WARN_UNREACHABLE_CODE = YES;
				CLANG_WARN__DUPLICATE_METHOD_MATCH = YES;
				"CODE_SIGN_IDENTITY[sdk=iphoneos*]" = "iPhone Developer";
				COPY_PHASE_STRIP = NO;
				DEBUG_INFORMATION_FORMAT = "dwarf-with-dsym";
				ENABLE_STRICT_OBJC_MSGSEND = YES;
				GCC_C_LANGUAGE_STANDARD = gnu99;
				GCC_DYNAMIC_NO_PIC = NO;
				GCC_NO_COMMON_BLOCKS = YES;
				GCC_OPTIMIZATION_LEVEL = 0;
				GCC_PREPROCESSOR_DEFINITIONS = (
					"DEBUG=1",
					"$(inherited)",
				);
				GCC_SYMBOLS_PRIVATE_EXTERN = NO;
				GCC_WARN_64_TO_32_BIT_CONVERSION = YES;
				GCC_WARN_ABOUT_RETURN_TYPE = YES_ERROR;
				GCC_WARN_UNDECLARED_SELECTOR = YES;
				GCC_WARN_UNINITIALIZED_AUTOS = YES_AGGRESSIVE;
				GCC_WARN_UNUSED_FUNCTION = YES;
				GCC_WARN_UNUSED_VARIABLE = YES;
				IPHONEOS_DEPLOYMENT_TARGET = 8.4;
				MTL_ENABLE_DEBUG_INFO = YES;
				ONLY_ACTIVE_ARCH = YES;
				SDKROOT = iphoneos;
				TARGETED_DEVICE_FAMILY = "1,2";
			};
			name = Debug;
		};
		2D276B2F1B8FAC4D00B35E2C /* Release */ = {
			isa = XCBuildConfiguration;
			buildSettings = {
				ALWAYS_SEARCH_USER_PATHS = NO;
				CLANG_CXX_LANGUAGE_STANDARD = "gnu++0x";
				CLANG_CXX_LIBRARY = "libc++";
				CLANG_ENABLE_MODULES = YES;
				CLANG_ENABLE_OBJC_ARC = YES;
				CLANG_WARN_BOOL_CONVERSION = YES;
				CLANG_WARN_CONSTANT_CONVERSION = YES;
				CLANG_WARN_DIRECT_OBJC_ISA_USAGE = YES_ERROR;
				CLANG_WARN_EMPTY_BODY = YES;
				CLANG_WARN_ENUM_CONVERSION = YES;
				CLANG_WARN_INT_CONVERSION = YES;
				CLANG_WARN_OBJC_ROOT_CLASS = YES_ERROR;
				CLANG_WARN_UNREACHABLE_CODE = YES;
				CLANG_WARN__DUPLICATE_METHOD_MATCH = YES;
				"CODE_SIGN_IDENTITY[sdk=iphoneos*]" = "iPhone Developer";
				COPY_PHASE_STRIP = NO;
				DEBUG_INFORMATION_FORMAT = "dwarf-with-dsym";
				ENABLE_NS_ASSERTIONS = NO;
				ENABLE_STRICT_OBJC_MSGSEND = YES;
				GCC_C_LANGUAGE_STANDARD = gnu99;
				GCC_NO_COMMON_BLOCKS = YES;
				GCC_WARN_64_TO_32_BIT_CONVERSION = YES;
				GCC_WARN_ABOUT_RETURN_TYPE = YES_ERROR;
				GCC_WARN_UNDECLARED_SELECTOR = YES;
				GCC_WARN_UNINITIALIZED_AUTOS = YES_AGGRESSIVE;
				GCC_WARN_UNUSED_FUNCTION = YES;
				GCC_WARN_UNUSED_VARIABLE = YES;
				IPHONEOS_DEPLOYMENT_TARGET = 8.4;
				MTL_ENABLE_DEBUG_INFO = NO;
				SDKROOT = iphoneos;
				TARGETED_DEVICE_FAMILY = "1,2";
				VALIDATE_PRODUCT = YES;
			};
			name = Release;
		};
		2D276B311B8FAC4D00B35E2C /* Debug */ = {
			isa = XCBuildConfiguration;
			buildSettings = {
				ASSETCATALOG_COMPILER_APPICON_NAME = AppIcon;
				INFOPLIST_FILE = PDD/Info.plist;
				LD_RUNPATH_SEARCH_PATHS = "$(inherited) @executable_path/Frameworks";
				PRODUCT_NAME = "$(TARGET_NAME)";
			};
			name = Debug;
		};
		2D276B321B8FAC4D00B35E2C /* Release */ = {
			isa = XCBuildConfiguration;
			buildSettings = {
				ASSETCATALOG_COMPILER_APPICON_NAME = AppIcon;
				INFOPLIST_FILE = PDD/Info.plist;
				LD_RUNPATH_SEARCH_PATHS = "$(inherited) @executable_path/Frameworks";
				PRODUCT_NAME = "$(TARGET_NAME)";
			};
			name = Release;
		};
		2D276B341B8FAC4D00B35E2C /* Debug */ = {
			isa = XCBuildConfiguration;
			buildSettings = {
				BUNDLE_LOADER = "$(TEST_HOST)";
				FRAMEWORK_SEARCH_PATHS = (
					"$(SDKROOT)/Developer/Library/Frameworks",
					"$(inherited)",
				);
				GCC_PREPROCESSOR_DEFINITIONS = (
					"DEBUG=1",
					"$(inherited)",
				);
				INFOPLIST_FILE = PDDTests/Info.plist;
				LD_RUNPATH_SEARCH_PATHS = "$(inherited) @executable_path/Frameworks @loader_path/Frameworks";
				PRODUCT_NAME = "$(TARGET_NAME)";
				TEST_HOST = "$(BUILT_PRODUCTS_DIR)/PDD.app/PDD";
			};
			name = Debug;
		};
		2D276B351B8FAC4D00B35E2C /* Release */ = {
			isa = XCBuildConfiguration;
			buildSettings = {
				BUNDLE_LOADER = "$(TEST_HOST)";
				FRAMEWORK_SEARCH_PATHS = (
					"$(SDKROOT)/Developer/Library/Frameworks",
					"$(inherited)",
				);
				INFOPLIST_FILE = PDDTests/Info.plist;
				LD_RUNPATH_SEARCH_PATHS = "$(inherited) @executable_path/Frameworks @loader_path/Frameworks";
				PRODUCT_NAME = "$(TARGET_NAME)";
				TEST_HOST = "$(BUILT_PRODUCTS_DIR)/PDD.app/PDD";
			};
			name = Release;
		};
/* End XCBuildConfiguration section */

/* Begin XCConfigurationList section */
		2D276B081B8FAC4D00B35E2C /* Build configuration list for PBXProject "PDD" */ = {
			isa = XCConfigurationList;
			buildConfigurations = (
				2D276B2E1B8FAC4D00B35E2C /* Debug */,
				2D276B2F1B8FAC4D00B35E2C /* Release */,
			);
			defaultConfigurationIsVisible = 0;
			defaultConfigurationName = Release;
		};
		2D276B301B8FAC4D00B35E2C /* Build configuration list for PBXNativeTarget "PDD" */ = {
			isa = XCConfigurationList;
			buildConfigurations = (
				2D276B311B8FAC4D00B35E2C /* Debug */,
				2D276B321B8FAC4D00B35E2C /* Release */,
			);
			defaultConfigurationIsVisible = 0;
		};
		2D276B331B8FAC4D00B35E2C /* Build configuration list for PBXNativeTarget "PDDTests" */ = {
			isa = XCConfigurationList;
			buildConfigurations = (
				2D276B341B8FAC4D00B35E2C /* Debug */,
				2D276B351B8FAC4D00B35E2C /* Release */,
			);
			defaultConfigurationIsVisible = 0;
		};
/* End XCConfigurationList section */
	};
	rootObject = 2D276B051B8FAC4D00B35E2C /* Project object */;
}
